
Microsoft Visual Studio Solution File, Format Version 12.00
# Visual Studio Version 17
VisualStudioVersion = 17.9.34723.18
MinimumVisualStudioVersion = 10.0.40219.1
Project("{9A19103F-16F7-4668-BE54-9A1E7A4F7556}") = "DuplexCommunication", "DuplexCommunication\DuplexCommunication.csproj", "{EDED6393-3993-43C0-BE52-FC98FEF6A0BE}"
EndProject
Project("{FAE04EC0-301F-11D3-BF4B-00C04F79EFBC}") = "ConsoleIRC", "ConsoleIRC\ConsoleIRC.csproj", "{D2C56587-26B8-4D78-A26F-1BB3611EEAA5}"
EndProject
Global
	GlobalSection(SolutionConfigurationPlatforms) = preSolution
		Debug|Any CPU = Debug|Any CPU
		Release|Any CPU = Release|Any CPU
	EndGlobalSection
	GlobalSection(ProjectConfigurationPlatforms) = postSolution
		{EDED6393-3993-43C0-BE52-FC98FEF6A0BE}.Debug|Any CPU.ActiveCfg = Debug|Any CPU
		{EDED6393-3993-43C0-BE52-FC98FEF6A0BE}.Debug|Any CPU.Build.0 = Debug|Any CPU
		{EDED6393-3993-43C0-BE52-FC98FEF6A0BE}.Release|Any CPU.ActiveCfg = Release|Any CPU
		{EDED6393-3993-43C0-BE52-FC98FEF6A0BE}.Release|Any CPU.Build.0 = Release|Any CPU
		{D2C56587-26B8-4D78-A26F-1BB3611EEAA5}.Debug|Any CPU.ActiveCfg = Debug|Any CPU
		{D2C56587-26B8-4D78-A26F-1BB3611EEAA5}.Debug|Any CPU.Build.0 = Debug|Any CPU
		{D2C56587-26B8-4D78-A26F-1BB3611EEAA5}.Release|Any CPU.ActiveCfg = Release|Any CPU
		{D2C56587-26B8-4D78-A26F-1BB3611EEAA5}.Release|Any CPU.Build.0 = Release|Any CPU
	EndGlobalSection
	GlobalSection(SolutionProperties) = preSolution
		HideSolutionNode = FALSE
	EndGlobalSection
	GlobalSection(ExtensibilityGlobals) = postSolution
		SolutionGuid = {88817250-BE7A-4523-BF21-A77C589B8314}
	EndGlobalSection
EndGlobal
