
Microsoft Visual Studio Solution File, Format Version 12.00
# Visual Studio Version 17
VisualStudioVersion = 17.5.002.0
MinimumVisualStudioVersion = 10.0.40219.1
Project("{9A19103F-16F7-4668-BE54-9A1E7A4F7556}") = "ProductReviews.API", "ProductReviews.API.csproj", "{A8AE82D6-952F-4689-BD9B-1F0CD65B66E9}"
EndProject
Global
	GlobalSection(SolutionConfigurationPlatforms) = preSolution
		Debug|Any CPU = Debug|Any CPU
		Release|Any CPU = Release|Any CPU
	EndGlobalSection
	GlobalSection(ProjectConfigurationPlatforms) = postSolution
		{A8AE82D6-952F-4689-BD9B-1F0CD65B66E9}.Debug|Any CPU.ActiveCfg = Debug|Any CPU
		{A8AE82D6-952F-4689-BD9B-1F0CD65B66E9}.Debug|Any CPU.Build.0 = Debug|Any CPU
		{A8AE82D6-952F-4689-BD9B-1F0CD65B66E9}.Release|Any CPU.ActiveCfg = Release|Any CPU
		{A8AE82D6-952F-4689-BD9B-1F0CD65B66E9}.Release|Any CPU.Build.0 = Release|Any CPU
	EndGlobalSection
	GlobalSection(SolutionProperties) = preSolution
		HideSolutionNode = FALSE
	EndGlobalSection
	GlobalSection(ExtensibilityGlobals) = postSolution
		SolutionGuid = {A2E1A458-4664-4AEA-9F75-B3477F788D75}
	EndGlobalSection
EndGlobal
